
Microsoft Visual Studio Solution File, Format Version 12.00
# Visual Studio Version 17
VisualStudioVersion = 17.0.32014.148
MinimumVisualStudioVersion = 10.0.40219.1
Project("{9A19103F-16F7-4668-BE54-9A1E7A4F7556}") = "kubernetesconfiguration-dotnet-sdk-sample", "kubernetesconfiguration-dotnet-sdk-sample\kubernetesconfiguration-dotnet-sdk-sample.csproj", "{AB57E10A-51EA-4AF5-BD4F-F58DCB8EAF2B}"
EndProject
Global
	GlobalSection(SolutionConfigurationPlatforms) = preSolution
		Debug|Any CPU = Debug|Any CPU
		Release|Any CPU = Release|Any CPU
	EndGlobalSection
	GlobalSection(ProjectConfigurationPlatforms) = postSolution
		{AB57E10A-51EA-4AF5-BD4F-F58DCB8EAF2B}.Debug|Any CPU.ActiveCfg = Debug|Any CPU
		{AB57E10A-51EA-4AF5-BD4F-F58DCB8EAF2B}.Debug|Any CPU.Build.0 = Debug|Any CPU
		{AB57E10A-51EA-4AF5-BD4F-F58DCB8EAF2B}.Release|Any CPU.ActiveCfg = Release|Any CPU
		{AB57E10A-51EA-4AF5-BD4F-F58DCB8EAF2B}.Release|Any CPU.Build.0 = Release|Any CPU
	EndGlobalSection
	GlobalSection(SolutionProperties) = preSolution
		HideSolutionNode = FALSE
	EndGlobalSection
	GlobalSection(ExtensibilityGlobals) = postSolution
		SolutionGuid = {18BD6456-6971-4E54-A6A7-ED2190051D45}
	EndGlobalSection
EndGlobal
